
Microsoft Visual Studio Solution File, Format Version 12.00
# Visual Studio Version 17
VisualStudioVersion = 17.7.34202.233
MinimumVisualStudioVersion = 10.0.40219.1
Project("{FAE04EC0-301F-11D3-BF4B-00C04F79EFBC}") = "Lab_01", "Lab_01\Lab_01.csproj", "{D6AF5C57-6FC0-474E-AA64-73A925A8B2B6}"
EndProject
Project("{FAE04EC0-301F-11D3-BF4B-00C04F79EFBC}") = "ColorViewer", "ColorViewer\ColorViewer.csproj", "{F07C95B1-E645-4549-AA60-84416E27B73B}"
EndProject
Global
	GlobalSection(SolutionConfigurationPlatforms) = preSolution
		Debug|Any CPU = Debug|Any CPU
		Release|Any CPU = Release|Any CPU
	EndGlobalSection
	GlobalSection(ProjectConfigurationPlatforms) = postSolution
		{D6AF5C57-6FC0-474E-AA64-73A925A8B2B6}.Debug|Any CPU.ActiveCfg = Debug|Any CPU
		{D6AF5C57-6FC0-474E-AA64-73A925A8B2B6}.Debug|Any CPU.Build.0 = Debug|Any CPU
		{D6AF5C57-6FC0-474E-AA64-73A925A8B2B6}.Release|Any CPU.ActiveCfg = Release|Any CPU
		{D6AF5C57-6FC0-474E-AA64-73A925A8B2B6}.Release|Any CPU.Build.0 = Release|Any CPU
		{F07C95B1-E645-4549-AA60-84416E27B73B}.Debug|Any CPU.ActiveCfg = Debug|Any CPU
		{F07C95B1-E645-4549-AA60-84416E27B73B}.Debug|Any CPU.Build.0 = Debug|Any CPU
		{F07C95B1-E645-4549-AA60-84416E27B73B}.Release|Any CPU.ActiveCfg = Release|Any CPU
		{F07C95B1-E645-4549-AA60-84416E27B73B}.Release|Any CPU.Build.0 = Release|Any CPU
	EndGlobalSection
	GlobalSection(SolutionProperties) = preSolution
		HideSolutionNode = FALSE
	EndGlobalSection
	GlobalSection(ExtensibilityGlobals) = postSolution
		SolutionGuid = {5AD88B10-5D28-4240-B67C-3B2CE6B4BE81}
	EndGlobalSection
EndGlobal
