
Microsoft Visual Studio Solution File, Format Version 12.00
Project("{FAE04EC0-301F-11D3-BF4B-00C04F79EFBC}") = "WpfApp1", "WpfApp1\WpfApp1.csproj", "{2DF7BD56-FFD6-414E-9552-765F7CFB1F61}"
EndProject
Global
	GlobalSection(SolutionConfigurationPlatforms) = preSolution
		Debug|Any CPU = Debug|Any CPU
		Release|Any CPU = Release|Any CPU
	EndGlobalSection
	GlobalSection(ProjectConfigurationPlatforms) = postSolution
		{2DF7BD56-FFD6-414E-9552-765F7CFB1F61}.Debug|Any CPU.ActiveCfg = Debug|Any CPU
		{2DF7BD56-FFD6-414E-9552-765F7CFB1F61}.Debug|Any CPU.Build.0 = Debug|Any CPU
		{2DF7BD56-FFD6-414E-9552-765F7CFB1F61}.Release|Any CPU.ActiveCfg = Release|Any CPU
		{2DF7BD56-FFD6-414E-9552-765F7CFB1F61}.Release|Any CPU.Build.0 = Release|Any CPU
	EndGlobalSection
EndGlobal
